{
    "requires": true,
    "lockfileVersion": 1,
    "dependencies": {
        "bootstrap": {
            "version": "5.1.3",
            "resolved": "https://registry.npmjs.org/bootstrap/-/bootstrap-5.1.3.tgz",
            "integrity": "sha512-fcQztozJ8jToQWXxVuEyXWW+dSo8AiXWKwiSSrKWsRB/Qt+Ewwza+JWoLKiTuQLaEPhdNAJ7+Dosc9DOIqNy7Q=="
        },
        "chart.js": {
            "version": "3.7.0",
            "resolved": "https://registry.npmjs.org/chart.js/-/chart.js-3.7.0.tgz",
            "integrity": "sha512-31gVuqqKp3lDIFmzpKIrBeum4OpZsQjSIAqlOpgjosHDJZlULtvwLEZKtEhIAZc7JMPaHlYMys40Qy9Mf+1AAg=="
        },
        "chartjs-plugin-datalabels": {
            "version": "2.0.0",
            "resolved": "https://registry.npmjs.org/chartjs-plugin-datalabels/-/chartjs-plugin-datalabels-2.0.0.tgz",
            "integrity": "sha512-WBsWihphzM0Y8fmQVm89+iy99mmgejmj5/jcsYqwxSioLRL/zqJ4Scv/eXq5ZqvG3TpojlGzZLeaOaSvDm7fwA=="
        }
    }
}
